
Microsoft Visual Studio Solution File, Format Version 11.00
# Visual Studio 2010
Project("{FAE04EC0-301F-11D3-BF4B-00C04F79EFBC}") = "RLPAKTool", "RLPAKTOOL\RLPAKTool.csproj", "{18032DA9-ED3C-4D63-8A4B-6AC2C2C535D4}"
EndProject
Global
	GlobalSection(SolutionConfigurationPlatforms) = preSolution
		Debug|x86 = Debug|x86
		Release|x86 = Release|x86
	EndGlobalSection
	GlobalSection(ProjectConfigurationPlatforms) = postSolution
		{18032DA9-ED3C-4D63-8A4B-6AC2C2C535D4}.Debug|x86.ActiveCfg = Debug|x86
		{18032DA9-ED3C-4D63-8A4B-6AC2C2C535D4}.Debug|x86.Build.0 = Debug|x86
		{18032DA9-ED3C-4D63-8A4B-6AC2C2C535D4}.Release|x86.ActiveCfg = Release|x86
		{18032DA9-ED3C-4D63-8A4B-6AC2C2C535D4}.Release|x86.Build.0 = Release|x86
	EndGlobalSection
	GlobalSection(SolutionProperties) = preSolution
		HideSolutionNode = FALSE
	EndGlobalSection
EndGlobal
